
Microsoft Visual Studio Solution File, Format Version 12.00
# Visual Studio Version 16
VisualStudioVersion = 16.0.28803.452
MinimumVisualStudioVersion = 10.0.40219.1
Project("{9A19103F-16F7-4668-BE54-9A1E7A4F7556}") = "FaisalLearningProjectMVC", "FaisalLearningProjectMVC\FaisalLearningProjectMVC.csproj", "{4683B6A6-B2EB-435D-93DE-B25B88E64AE7}"
EndProject
Project("{9A19103F-16F7-4668-BE54-9A1E7A4F7556}") = "DocumentGenerator", "DocumentGenerator\DocumentGenerator.csproj", "{51FFE230-9F4C-498F-8EB0-B54FE4719CE4}"
EndProject
Project("{9A19103F-16F7-4668-BE54-9A1E7A4F7556}") = "UnitTestDocumentGenerator", "UnitTestProject\UnitTestDocumentGenerator.csproj", "{AFC4E03D-6B9A-4EA2-843D-F650F701BE6A}"
EndProject
Global
	GlobalSection(SolutionConfigurationPlatforms) = preSolution
		Debug|Any CPU = Debug|Any CPU
		Release|Any CPU = Release|Any CPU
	EndGlobalSection
	GlobalSection(ProjectConfigurationPlatforms) = postSolution
		{4683B6A6-B2EB-435D-93DE-B25B88E64AE7}.Debug|Any CPU.ActiveCfg = Debug|Any CPU
		{4683B6A6-B2EB-435D-93DE-B25B88E64AE7}.Debug|Any CPU.Build.0 = Debug|Any CPU
		{4683B6A6-B2EB-435D-93DE-B25B88E64AE7}.Release|Any CPU.ActiveCfg = Release|Any CPU
		{4683B6A6-B2EB-435D-93DE-B25B88E64AE7}.Release|Any CPU.Build.0 = Release|Any CPU
		{51FFE230-9F4C-498F-8EB0-B54FE4719CE4}.Debug|Any CPU.ActiveCfg = Debug|Any CPU
		{51FFE230-9F4C-498F-8EB0-B54FE4719CE4}.Debug|Any CPU.Build.0 = Debug|Any CPU
		{51FFE230-9F4C-498F-8EB0-B54FE4719CE4}.Release|Any CPU.ActiveCfg = Release|Any CPU
		{51FFE230-9F4C-498F-8EB0-B54FE4719CE4}.Release|Any CPU.Build.0 = Release|Any CPU
		{AFC4E03D-6B9A-4EA2-843D-F650F701BE6A}.Debug|Any CPU.ActiveCfg = Debug|Any CPU
		{AFC4E03D-6B9A-4EA2-843D-F650F701BE6A}.Debug|Any CPU.Build.0 = Debug|Any CPU
		{AFC4E03D-6B9A-4EA2-843D-F650F701BE6A}.Release|Any CPU.ActiveCfg = Release|Any CPU
		{AFC4E03D-6B9A-4EA2-843D-F650F701BE6A}.Release|Any CPU.Build.0 = Release|Any CPU
	EndGlobalSection
	GlobalSection(SolutionProperties) = preSolution
		HideSolutionNode = FALSE
	EndGlobalSection
	GlobalSection(ExtensibilityGlobals) = postSolution
		SolutionGuid = {DB112B88-9535-4FD1-B4C3-9F4F8015E2EB}
	EndGlobalSection
EndGlobal
